
Microsoft Visual Studio Solution File, Format Version 12.00
Project("{FAE04EC0-301F-11D3-BF4B-00C04F79EFBC}") = "StreamControl", "StreamControl\StreamControl.csproj", "{2C131734-5D12-488F-9094-BBD069961A75}"
EndProject
Global
	GlobalSection(SolutionConfigurationPlatforms) = preSolution
		Debug|Any CPU = Debug|Any CPU
		Release|Any CPU = Release|Any CPU
	EndGlobalSection
	GlobalSection(ProjectConfigurationPlatforms) = postSolution
		{2C131734-5D12-488F-9094-BBD069961A75}.Debug|Any CPU.ActiveCfg = Debug|Any CPU
		{2C131734-5D12-488F-9094-BBD069961A75}.Debug|Any CPU.Build.0 = Debug|Any CPU
		{2C131734-5D12-488F-9094-BBD069961A75}.Release|Any CPU.ActiveCfg = Release|Any CPU
		{2C131734-5D12-488F-9094-BBD069961A75}.Release|Any CPU.Build.0 = Release|Any CPU
	EndGlobalSection
EndGlobal
